
Microsoft Visual Studio Solution File, Format Version 12.00
# Visual Studio 15
VisualStudioVersion = 15.0.28307.271
MinimumVisualStudioVersion = 10.0.40219.1
Project("{FAE04EC0-301F-11D3-BF4B-00C04F79EFBC}") = "HtmlMeSomething", "HtmlMeSomething\HtmlMeSomething.csproj", "{400B59AC-728C-4A70-8629-0487741DA259}"
EndProject
Global
	GlobalSection(SolutionConfigurationPlatforms) = preSolution
		Debug|Any CPU = Debug|Any CPU
		Release|Any CPU = Release|Any CPU
	EndGlobalSection
	GlobalSection(ProjectConfigurationPlatforms) = postSolution
		{400B59AC-728C-4A70-8629-0487741DA259}.Debug|Any CPU.ActiveCfg = Debug|Any CPU
		{400B59AC-728C-4A70-8629-0487741DA259}.Debug|Any CPU.Build.0 = Debug|Any CPU
		{400B59AC-728C-4A70-8629-0487741DA259}.Release|Any CPU.ActiveCfg = Release|Any CPU
		{400B59AC-728C-4A70-8629-0487741DA259}.Release|Any CPU.Build.0 = Release|Any CPU
	EndGlobalSection
	GlobalSection(SolutionProperties) = preSolution
		HideSolutionNode = FALSE
	EndGlobalSection
	GlobalSection(ExtensibilityGlobals) = postSolution
		SolutionGuid = {C0B90049-64BA-4882-8FF6-8B921B984511}
	EndGlobalSection
EndGlobal
